
Microsoft Visual Studio Solution File, Format Version 12.00
# Visual Studio Version 16
VisualStudioVersion = 16.0.32929.386
MinimumVisualStudioVersion = 10.0.40219.1
Project("{151D2E53-A2C4-4D7D-83FE-D05416EBD58E}") = "ARM_TemplateApp", "ARM_TemplateApp.deployproj", "{05E5710C-6E9F-4DEC-9A0A-02ADED7CA27F}"
EndProject
Global
	GlobalSection(SolutionConfigurationPlatforms) = preSolution
		Debug|Any CPU = Debug|Any CPU
		Release|Any CPU = Release|Any CPU
	EndGlobalSection
	GlobalSection(ProjectConfigurationPlatforms) = postSolution
		{05E5710C-6E9F-4DEC-9A0A-02ADED7CA27F}.Debug|Any CPU.ActiveCfg = Debug|Any CPU
		{05E5710C-6E9F-4DEC-9A0A-02ADED7CA27F}.Debug|Any CPU.Build.0 = Debug|Any CPU
		{05E5710C-6E9F-4DEC-9A0A-02ADED7CA27F}.Release|Any CPU.ActiveCfg = Release|Any CPU
		{05E5710C-6E9F-4DEC-9A0A-02ADED7CA27F}.Release|Any CPU.Build.0 = Release|Any CPU
	EndGlobalSection
	GlobalSection(SolutionProperties) = preSolution
		HideSolutionNode = FALSE
	EndGlobalSection
	GlobalSection(ExtensibilityGlobals) = postSolution
		SolutionGuid = {B72D531A-DFB3-49C6-BA08-368D1BBB9351}
	EndGlobalSection
EndGlobal
